
Microsoft Visual Studio Solution File, Format Version 12.00
# Visual Studio Version 17
VisualStudioVersion = 17.14.36301.6
MinimumVisualStudioVersion = 10.0.40219.1
Project("{2150E333-8FDC-42A3-9474-1A3956D46DE8}") = "src", "src", "{02EA681E-C7D8-13C7-8484-4AC65E1B71E8}"
EndProject
Project("{2150E333-8FDC-42A3-9474-1A3956D46DE8}") = "services", "services", "{A85200EF-E8B2-47DC-A563-12537685ABFE}"
EndProject
Project("{2150E333-8FDC-42A3-9474-1A3956D46DE8}") = "catalog", "catalog", "{65BB3902-44C7-4ADF-A2E8-AB0F74728DD0}"
EndProject
Project("{FAE04EC0-301F-11D3-BF4B-00C04F79EFBC}") = "MicroServiceV2.Catalog.API", "MicroServiceV2.Catalog.API\MicroServiceV2.Catalog.API.csproj", "{B115A708-910A-4C96-8FDD-362D1BB06B57}"
EndProject
Project("{E53339B2-1760-4266-BCC7-CA923CBCF16C}") = "docker-compose", "docker-compose.dcproj", "{81DDED9D-158B-E303-5F62-77A2896D2A5A}"
EndProject
Project("{2150E333-8FDC-42A3-9474-1A3956D46DE8}") = "shared", "shared", "{88F51488-EBCC-4C77-9D37-ABB6CB399D65}"
EndProject
Project("{FAE04EC0-301F-11D3-BF4B-00C04F79EFBC}") = "MicroServiceV2.Shared", "MicroServiceV2.Shared\MicroServiceV2.Shared.csproj", "{894BE53D-254D-4DF0-97E9-4217307B936F}"
EndProject
Project("{2150E333-8FDC-42A3-9474-1A3956D46DE8}") = "discount", "discount", "{B8ECA316-C20D-4957-A770-6B91DC279D0D}"
EndProject
Project("{FAE04EC0-301F-11D3-BF4B-00C04F79EFBC}") = "MicroServiceV2.Discount.API", "MicroServiceV2.Discount.API\MicroServiceV2.Discount.API.csproj", "{DF26E529-A400-490E-88AE-75D5F5548045}"
EndProject
Project("{2150E333-8FDC-42A3-9474-1A3956D46DE8}") = "basket", "basket", "{E10C8361-E836-4E30-8EBD-75DED11EA81D}"
EndProject
Project("{FAE04EC0-301F-11D3-BF4B-00C04F79EFBC}") = "MicroServiceV2.Basket.API", "MicroServiceV2.Basket.API\MicroServiceV2.Basket.API.csproj", "{674566E0-48E3-4387-A690-09AD6A3DA5AE}"
EndProject
Project("{2150E333-8FDC-42A3-9474-1A3956D46DE8}") = "file", "file", "{56CA4816-23BC-4412-AE62-A12F8D3FD4CE}"
EndProject
Project("{FAE04EC0-301F-11D3-BF4B-00C04F79EFBC}") = "MicroServiceV2.File.API", "MicroServiceV2.File.API\MicroServiceV2.File.API.csproj", "{6F3C6ADB-7213-4D5D-8EDD-30C36FBB353F}"
EndProject
Project("{2150E333-8FDC-42A3-9474-1A3956D46DE8}") = "order", "order", "{FA78AFA3-CC67-4443-94E7-149C595D3DFB}"
EndProject
Project("{2150E333-8FDC-42A3-9474-1A3956D46DE8}") = "api", "api", "{48F1CD31-23ED-48B6-B537-254CC8E7A307}"
EndProject
Project("{2150E333-8FDC-42A3-9474-1A3956D46DE8}") = "core", "core", "{885FF74E-EF59-4864-BE81-6769B2D68CA4}"
EndProject
Project("{2150E333-8FDC-42A3-9474-1A3956D46DE8}") = "infrastracture", "infrastracture", "{0FC3D5F5-2FCA-422B-A3F2-A80D603ED546}"
EndProject
Project("{FAE04EC0-301F-11D3-BF4B-00C04F79EFBC}") = "MicroServiceV2.Order.API", "MicroServiceV2.Order.API\MicroServiceV2.Order.API.csproj", "{50191C79-AB5D-47EC-9BBC-BD2019E37760}"
EndProject
Project("{FAE04EC0-301F-11D3-BF4B-00C04F79EFBC}") = "MicroServiceV2.Order.Domain", "MicroServiceV2.Order.Domain\MicroServiceV2.Order.Domain.csproj", "{59B02A09-BB41-4515-9E52-DE97B21A81EA}"
EndProject
Project("{FAE04EC0-301F-11D3-BF4B-00C04F79EFBC}") = "MicroServiceV2.Order.Application", "MicroServiceV2.Order.Application\MicroServiceV2.Order.Application.csproj", "{F5487AB6-B666-4F4C-9800-73EF876DEC32}"
EndProject
Project("{FAE04EC0-301F-11D3-BF4B-00C04F79EFBC}") = "MicroServiceV2.Order.Persistence", "MicroServiceV2.Order.Persistence\MicroServiceV2.Order.Persistence.csproj", "{5BD95EA6-E215-43C3-83BE-7B27C034CAED}"
EndProject
Project("{2150E333-8FDC-42A3-9474-1A3956D46DE8}") = "payment", "payment", "{8F278F03-F535-4491-8BEC-338E3C36C971}"
EndProject
Project("{FAE04EC0-301F-11D3-BF4B-00C04F79EFBC}") = "MicroServiceV2.Payment.API", "MicroServiceV2.Payment.API\MicroServiceV2.Payment.API.csproj", "{B697B040-232B-430E-BA1A-54464F11FCF2}"
EndProject
Project("{2150E333-8FDC-42A3-9474-1A3956D46DE8}") = "gateway", "gateway", "{C5F15C37-F1A9-4137-BEB9-78BDF3F3A961}"
EndProject
Project("{FAE04EC0-301F-11D3-BF4B-00C04F79EFBC}") = "MicroServiceV2.Gateway", "MicroServiceV2.Gateway\MicroServiceV2.Gateway.csproj", "{4F045F71-2B4D-4E2A-B1C8-2B02C9FF96FA}"
EndProject
Project("{FAE04EC0-301F-11D3-BF4B-00C04F79EFBC}") = "MicroServiceV2.Bus", "MicroServiceV2.Bus\MicroServiceV2.Bus.csproj", "{BA88CD6C-DDD7-4F46-948D-E992C67E85B6}"
EndProject
Project("{2150E333-8FDC-42A3-9474-1A3956D46DE8}") = "ui", "ui", "{262A9A81-CD05-4687-8FA1-A549958469A2}"
EndProject
Project("{FAE04EC0-301F-11D3-BF4B-00C04F79EFBC}") = "MicroServiceV2.WEB", "MicroServiceV2.WEB\MicroServiceV2.WEB.csproj", "{99634991-8CA3-4637-8873-C38147DC1203}"
EndProject
Project("{FAE04EC0-301F-11D3-BF4B-00C04F79EFBC}") = "MicroServiceV2.AppHost", "MicroServiceV2.AppHost\MicroServiceV2.AppHost.csproj", "{F2823579-E8C7-4E70-8561-15575A23863F}"
EndProject
Project("{FAE04EC0-301F-11D3-BF4B-00C04F79EFBC}") = "MicroServiceV2.ServiceDefaults", "MicroServiceV2.ServiceDefaults\MicroServiceV2.ServiceDefaults.csproj", "{28D9EA11-0C2F-892A-5EE5-E80CB9C3FFA8}"
EndProject
Global
	GlobalSection(SolutionConfigurationPlatforms) = preSolution
		Debug|Any CPU = Debug|Any CPU
		Release|Any CPU = Release|Any CPU
	EndGlobalSection
	GlobalSection(ProjectConfigurationPlatforms) = postSolution
		{B115A708-910A-4C96-8FDD-362D1BB06B57}.Debug|Any CPU.ActiveCfg = Debug|Any CPU
		{B115A708-910A-4C96-8FDD-362D1BB06B57}.Debug|Any CPU.Build.0 = Debug|Any CPU
		{B115A708-910A-4C96-8FDD-362D1BB06B57}.Release|Any CPU.ActiveCfg = Release|Any CPU
		{B115A708-910A-4C96-8FDD-362D1BB06B57}.Release|Any CPU.Build.0 = Release|Any CPU
		{81DDED9D-158B-E303-5F62-77A2896D2A5A}.Debug|Any CPU.ActiveCfg = Debug|Any CPU
		{81DDED9D-158B-E303-5F62-77A2896D2A5A}.Debug|Any CPU.Build.0 = Debug|Any CPU
		{81DDED9D-158B-E303-5F62-77A2896D2A5A}.Release|Any CPU.ActiveCfg = Release|Any CPU
		{81DDED9D-158B-E303-5F62-77A2896D2A5A}.Release|Any CPU.Build.0 = Release|Any CPU
		{894BE53D-254D-4DF0-97E9-4217307B936F}.Debug|Any CPU.ActiveCfg = Debug|Any CPU
		{894BE53D-254D-4DF0-97E9-4217307B936F}.Debug|Any CPU.Build.0 = Debug|Any CPU
		{894BE53D-254D-4DF0-97E9-4217307B936F}.Release|Any CPU.ActiveCfg = Release|Any CPU
		{894BE53D-254D-4DF0-97E9-4217307B936F}.Release|Any CPU.Build.0 = Release|Any CPU
		{DF26E529-A400-490E-88AE-75D5F5548045}.Debug|Any CPU.ActiveCfg = Debug|Any CPU
		{DF26E529-A400-490E-88AE-75D5F5548045}.Debug|Any CPU.Build.0 = Debug|Any CPU
		{DF26E529-A400-490E-88AE-75D5F5548045}.Release|Any CPU.ActiveCfg = Release|Any CPU
		{DF26E529-A400-490E-88AE-75D5F5548045}.Release|Any CPU.Build.0 = Release|Any CPU
		{674566E0-48E3-4387-A690-09AD6A3DA5AE}.Debug|Any CPU.ActiveCfg = Debug|Any CPU
		{674566E0-48E3-4387-A690-09AD6A3DA5AE}.Debug|Any CPU.Build.0 = Debug|Any CPU
		{674566E0-48E3-4387-A690-09AD6A3DA5AE}.Release|Any CPU.ActiveCfg = Release|Any CPU
		{674566E0-48E3-4387-A690-09AD6A3DA5AE}.Release|Any CPU.Build.0 = Release|Any CPU
		{6F3C6ADB-7213-4D5D-8EDD-30C36FBB353F}.Debug|Any CPU.ActiveCfg = Debug|Any CPU
		{6F3C6ADB-7213-4D5D-8EDD-30C36FBB353F}.Debug|Any CPU.Build.0 = Debug|Any CPU
		{6F3C6ADB-7213-4D5D-8EDD-30C36FBB353F}.Release|Any CPU.ActiveCfg = Release|Any CPU
		{6F3C6ADB-7213-4D5D-8EDD-30C36FBB353F}.Release|Any CPU.Build.0 = Release|Any CPU
		{50191C79-AB5D-47EC-9BBC-BD2019E37760}.Debug|Any CPU.ActiveCfg = Debug|Any CPU
		{50191C79-AB5D-47EC-9BBC-BD2019E37760}.Debug|Any CPU.Build.0 = Debug|Any CPU
		{50191C79-AB5D-47EC-9BBC-BD2019E37760}.Release|Any CPU.ActiveCfg = Release|Any CPU
		{50191C79-AB5D-47EC-9BBC-BD2019E37760}.Release|Any CPU.Build.0 = Release|Any CPU
		{59B02A09-BB41-4515-9E52-DE97B21A81EA}.Debug|Any CPU.ActiveCfg = Debug|Any CPU
		{59B02A09-BB41-4515-9E52-DE97B21A81EA}.Debug|Any CPU.Build.0 = Debug|Any CPU
		{59B02A09-BB41-4515-9E52-DE97B21A81EA}.Release|Any CPU.ActiveCfg = Release|Any CPU
		{59B02A09-BB41-4515-9E52-DE97B21A81EA}.Release|Any CPU.Build.0 = Release|Any CPU
		{F5487AB6-B666-4F4C-9800-73EF876DEC32}.Debug|Any CPU.ActiveCfg = Debug|Any CPU
		{F5487AB6-B666-4F4C-9800-73EF876DEC32}.Debug|Any CPU.Build.0 = Debug|Any CPU
		{F5487AB6-B666-4F4C-9800-73EF876DEC32}.Release|Any CPU.ActiveCfg = Release|Any CPU
		{F5487AB6-B666-4F4C-9800-73EF876DEC32}.Release|Any CPU.Build.0 = Release|Any CPU
		{5BD95EA6-E215-43C3-83BE-7B27C034CAED}.Debug|Any CPU.ActiveCfg = Debug|Any CPU
		{5BD95EA6-E215-43C3-83BE-7B27C034CAED}.Debug|Any CPU.Build.0 = Debug|Any CPU
		{5BD95EA6-E215-43C3-83BE-7B27C034CAED}.Release|Any CPU.ActiveCfg = Release|Any CPU
		{5BD95EA6-E215-43C3-83BE-7B27C034CAED}.Release|Any CPU.Build.0 = Release|Any CPU
		{B697B040-232B-430E-BA1A-54464F11FCF2}.Debug|Any CPU.ActiveCfg = Debug|Any CPU
		{B697B040-232B-430E-BA1A-54464F11FCF2}.Debug|Any CPU.Build.0 = Debug|Any CPU
		{B697B040-232B-430E-BA1A-54464F11FCF2}.Release|Any CPU.ActiveCfg = Release|Any CPU
		{B697B040-232B-430E-BA1A-54464F11FCF2}.Release|Any CPU.Build.0 = Release|Any CPU
		{4F045F71-2B4D-4E2A-B1C8-2B02C9FF96FA}.Debug|Any CPU.ActiveCfg = Debug|Any CPU
		{4F045F71-2B4D-4E2A-B1C8-2B02C9FF96FA}.Debug|Any CPU.Build.0 = Debug|Any CPU
		{4F045F71-2B4D-4E2A-B1C8-2B02C9FF96FA}.Release|Any CPU.ActiveCfg = Release|Any CPU
		{4F045F71-2B4D-4E2A-B1C8-2B02C9FF96FA}.Release|Any CPU.Build.0 = Release|Any CPU
		{BA88CD6C-DDD7-4F46-948D-E992C67E85B6}.Debug|Any CPU.ActiveCfg = Debug|Any CPU
		{BA88CD6C-DDD7-4F46-948D-E992C67E85B6}.Debug|Any CPU.Build.0 = Debug|Any CPU
		{BA88CD6C-DDD7-4F46-948D-E992C67E85B6}.Release|Any CPU.ActiveCfg = Release|Any CPU
		{BA88CD6C-DDD7-4F46-948D-E992C67E85B6}.Release|Any CPU.Build.0 = Release|Any CPU
		{99634991-8CA3-4637-8873-C38147DC1203}.Debug|Any CPU.ActiveCfg = Debug|Any CPU
		{99634991-8CA3-4637-8873-C38147DC1203}.Debug|Any CPU.Build.0 = Debug|Any CPU
		{99634991-8CA3-4637-8873-C38147DC1203}.Release|Any CPU.ActiveCfg = Release|Any CPU
		{99634991-8CA3-4637-8873-C38147DC1203}.Release|Any CPU.Build.0 = Release|Any CPU
		{F2823579-E8C7-4E70-8561-15575A23863F}.Debug|Any CPU.ActiveCfg = Debug|Any CPU
		{F2823579-E8C7-4E70-8561-15575A23863F}.Debug|Any CPU.Build.0 = Debug|Any CPU
		{F2823579-E8C7-4E70-8561-15575A23863F}.Release|Any CPU.ActiveCfg = Release|Any CPU
		{F2823579-E8C7-4E70-8561-15575A23863F}.Release|Any CPU.Build.0 = Release|Any CPU
		{28D9EA11-0C2F-892A-5EE5-E80CB9C3FFA8}.Debug|Any CPU.ActiveCfg = Debug|Any CPU
		{28D9EA11-0C2F-892A-5EE5-E80CB9C3FFA8}.Debug|Any CPU.Build.0 = Debug|Any CPU
		{28D9EA11-0C2F-892A-5EE5-E80CB9C3FFA8}.Release|Any CPU.ActiveCfg = Release|Any CPU
		{28D9EA11-0C2F-892A-5EE5-E80CB9C3FFA8}.Release|Any CPU.Build.0 = Release|Any CPU
	EndGlobalSection
	GlobalSection(SolutionProperties) = preSolution
		HideSolutionNode = FALSE
	EndGlobalSection
	GlobalSection(NestedProjects) = preSolution
		{A85200EF-E8B2-47DC-A563-12537685ABFE} = {02EA681E-C7D8-13C7-8484-4AC65E1B71E8}
		{65BB3902-44C7-4ADF-A2E8-AB0F74728DD0} = {A85200EF-E8B2-47DC-A563-12537685ABFE}
		{B115A708-910A-4C96-8FDD-362D1BB06B57} = {65BB3902-44C7-4ADF-A2E8-AB0F74728DD0}
		{88F51488-EBCC-4C77-9D37-ABB6CB399D65} = {02EA681E-C7D8-13C7-8484-4AC65E1B71E8}
		{894BE53D-254D-4DF0-97E9-4217307B936F} = {88F51488-EBCC-4C77-9D37-ABB6CB399D65}
		{B8ECA316-C20D-4957-A770-6B91DC279D0D} = {A85200EF-E8B2-47DC-A563-12537685ABFE}
		{DF26E529-A400-490E-88AE-75D5F5548045} = {B8ECA316-C20D-4957-A770-6B91DC279D0D}
		{E10C8361-E836-4E30-8EBD-75DED11EA81D} = {A85200EF-E8B2-47DC-A563-12537685ABFE}
		{674566E0-48E3-4387-A690-09AD6A3DA5AE} = {E10C8361-E836-4E30-8EBD-75DED11EA81D}
		{56CA4816-23BC-4412-AE62-A12F8D3FD4CE} = {A85200EF-E8B2-47DC-A563-12537685ABFE}
		{6F3C6ADB-7213-4D5D-8EDD-30C36FBB353F} = {56CA4816-23BC-4412-AE62-A12F8D3FD4CE}
		{FA78AFA3-CC67-4443-94E7-149C595D3DFB} = {A85200EF-E8B2-47DC-A563-12537685ABFE}
		{48F1CD31-23ED-48B6-B537-254CC8E7A307} = {FA78AFA3-CC67-4443-94E7-149C595D3DFB}
		{885FF74E-EF59-4864-BE81-6769B2D68CA4} = {FA78AFA3-CC67-4443-94E7-149C595D3DFB}
		{0FC3D5F5-2FCA-422B-A3F2-A80D603ED546} = {FA78AFA3-CC67-4443-94E7-149C595D3DFB}
		{50191C79-AB5D-47EC-9BBC-BD2019E37760} = {48F1CD31-23ED-48B6-B537-254CC8E7A307}
		{59B02A09-BB41-4515-9E52-DE97B21A81EA} = {885FF74E-EF59-4864-BE81-6769B2D68CA4}
		{F5487AB6-B666-4F4C-9800-73EF876DEC32} = {885FF74E-EF59-4864-BE81-6769B2D68CA4}
		{5BD95EA6-E215-43C3-83BE-7B27C034CAED} = {0FC3D5F5-2FCA-422B-A3F2-A80D603ED546}
		{8F278F03-F535-4491-8BEC-338E3C36C971} = {A85200EF-E8B2-47DC-A563-12537685ABFE}
		{B697B040-232B-430E-BA1A-54464F11FCF2} = {8F278F03-F535-4491-8BEC-338E3C36C971}
		{C5F15C37-F1A9-4137-BEB9-78BDF3F3A961} = {A85200EF-E8B2-47DC-A563-12537685ABFE}
		{4F045F71-2B4D-4E2A-B1C8-2B02C9FF96FA} = {C5F15C37-F1A9-4137-BEB9-78BDF3F3A961}
		{BA88CD6C-DDD7-4F46-948D-E992C67E85B6} = {88F51488-EBCC-4C77-9D37-ABB6CB399D65}
		{262A9A81-CD05-4687-8FA1-A549958469A2} = {02EA681E-C7D8-13C7-8484-4AC65E1B71E8}
		{99634991-8CA3-4637-8873-C38147DC1203} = {262A9A81-CD05-4687-8FA1-A549958469A2}
	EndGlobalSection
	GlobalSection(ExtensibilityGlobals) = postSolution
		SolutionGuid = {5909897A-95E3-401F-9368-EB186D02A5DE}
	EndGlobalSection
EndGlobal
